
Microsoft Visual Studio Solution File, Format Version 12.00
# Visual Studio Version 16
VisualStudioVersion = 16.0.32228.343
MinimumVisualStudioVersion = 10.0.40219.1
Project("{FAE04EC0-301F-11D3-BF4B-00C04F79EFBC}") = "Zadanie_31", "Zadanie_31.csproj", "{48DF3B19-C3B1-481E-A8BE-A8D688966664}"
EndProject
Global
	GlobalSection(SolutionConfigurationPlatforms) = preSolution
		Debug|Any CPU = Debug|Any CPU
		Release|Any CPU = Release|Any CPU
	EndGlobalSection
	GlobalSection(ProjectConfigurationPlatforms) = postSolution
		{48DF3B19-C3B1-481E-A8BE-A8D688966664}.Debug|Any CPU.ActiveCfg = Debug|Any CPU
		{48DF3B19-C3B1-481E-A8BE-A8D688966664}.Debug|Any CPU.Build.0 = Debug|Any CPU
		{48DF3B19-C3B1-481E-A8BE-A8D688966664}.Release|Any CPU.ActiveCfg = Release|Any CPU
		{48DF3B19-C3B1-481E-A8BE-A8D688966664}.Release|Any CPU.Build.0 = Release|Any CPU
	EndGlobalSection
	GlobalSection(SolutionProperties) = preSolution
		HideSolutionNode = FALSE
	EndGlobalSection
	GlobalSection(ExtensibilityGlobals) = postSolution
		SolutionGuid = {104F8CF7-3EB1-4E9F-A778-9390F4557C1C}
	EndGlobalSection
EndGlobal
