
Microsoft Visual Studio Solution File, Format Version 12.00
# Visual Studio Version 16
VisualStudioVersion = 16.0.32228.343
MinimumVisualStudioVersion = 10.0.40219.1
Project("{FAE04EC0-301F-11D3-BF4B-00C04F79EFBC}") = "Zadanie_15", "Zadanie_15.csproj", "{B9DD150D-6A6A-4347-B918-F655CE5BEEBD}"
EndProject
Project("{FAE04EC0-301F-11D3-BF4B-00C04F79EFBC}") = "Zadanie_15A", "..\Zadanie_15A\Zadanie_15A.csproj", "{79055CEE-D60E-4B15-AB08-FCFA6EBA0A1E}"
EndProject
Global
	GlobalSection(SolutionConfigurationPlatforms) = preSolution
		Debug|Any CPU = Debug|Any CPU
		Release|Any CPU = Release|Any CPU
	EndGlobalSection
	GlobalSection(ProjectConfigurationPlatforms) = postSolution
		{B9DD150D-6A6A-4347-B918-F655CE5BEEBD}.Debug|Any CPU.ActiveCfg = Debug|Any CPU
		{B9DD150D-6A6A-4347-B918-F655CE5BEEBD}.Debug|Any CPU.Build.0 = Debug|Any CPU
		{B9DD150D-6A6A-4347-B918-F655CE5BEEBD}.Release|Any CPU.ActiveCfg = Release|Any CPU
		{B9DD150D-6A6A-4347-B918-F655CE5BEEBD}.Release|Any CPU.Build.0 = Release|Any CPU
		{79055CEE-D60E-4B15-AB08-FCFA6EBA0A1E}.Debug|Any CPU.ActiveCfg = Debug|Any CPU
		{79055CEE-D60E-4B15-AB08-FCFA6EBA0A1E}.Debug|Any CPU.Build.0 = Debug|Any CPU
		{79055CEE-D60E-4B15-AB08-FCFA6EBA0A1E}.Release|Any CPU.ActiveCfg = Release|Any CPU
		{79055CEE-D60E-4B15-AB08-FCFA6EBA0A1E}.Release|Any CPU.Build.0 = Release|Any CPU
	EndGlobalSection
	GlobalSection(SolutionProperties) = preSolution
		HideSolutionNode = FALSE
	EndGlobalSection
	GlobalSection(ExtensibilityGlobals) = postSolution
		SolutionGuid = {4BE04BE4-0491-46D0-9555-4C349AFF73B6}
	EndGlobalSection
EndGlobal
