
Microsoft Visual Studio Solution File, Format Version 12.00
# Visual Studio Version 16
VisualStudioVersion = 16.0.32228.343
MinimumVisualStudioVersion = 10.0.40219.1
Project("{FAE04EC0-301F-11D3-BF4B-00C04F79EFBC}") = "Zadanie_316", "Zadanie_316.csproj", "{7613FD31-997E-40A3-8724-27F3436ED7BF}"
EndProject
Global
	GlobalSection(SolutionConfigurationPlatforms) = preSolution
		Debug|Any CPU = Debug|Any CPU
		Release|Any CPU = Release|Any CPU
	EndGlobalSection
	GlobalSection(ProjectConfigurationPlatforms) = postSolution
		{7613FD31-997E-40A3-8724-27F3436ED7BF}.Debug|Any CPU.ActiveCfg = Debug|Any CPU
		{7613FD31-997E-40A3-8724-27F3436ED7BF}.Debug|Any CPU.Build.0 = Debug|Any CPU
		{7613FD31-997E-40A3-8724-27F3436ED7BF}.Release|Any CPU.ActiveCfg = Release|Any CPU
		{7613FD31-997E-40A3-8724-27F3436ED7BF}.Release|Any CPU.Build.0 = Release|Any CPU
	EndGlobalSection
	GlobalSection(SolutionProperties) = preSolution
		HideSolutionNode = FALSE
	EndGlobalSection
	GlobalSection(ExtensibilityGlobals) = postSolution
		SolutionGuid = {0A711E75-2917-48E0-9F9A-1F55E893D55E}
	EndGlobalSection
EndGlobal
