
Microsoft Visual Studio Solution File, Format Version 12.00
# Visual Studio Version 16
VisualStudioVersion = 16.0.32228.343
MinimumVisualStudioVersion = 10.0.40219.1
Project("{FAE04EC0-301F-11D3-BF4B-00C04F79EFBC}") = "Zadanie _12A", "Zadanie _12A.csproj", "{F5C92C2F-7616-4059-8EFA-788A5C3850D1}"
EndProject
Global
	GlobalSection(SolutionConfigurationPlatforms) = preSolution
		Debug|Any CPU = Debug|Any CPU
		Release|Any CPU = Release|Any CPU
	EndGlobalSection
	GlobalSection(ProjectConfigurationPlatforms) = postSolution
		{F5C92C2F-7616-4059-8EFA-788A5C3850D1}.Debug|Any CPU.ActiveCfg = Debug|Any CPU
		{F5C92C2F-7616-4059-8EFA-788A5C3850D1}.Debug|Any CPU.Build.0 = Debug|Any CPU
		{F5C92C2F-7616-4059-8EFA-788A5C3850D1}.Release|Any CPU.ActiveCfg = Release|Any CPU
		{F5C92C2F-7616-4059-8EFA-788A5C3850D1}.Release|Any CPU.Build.0 = Release|Any CPU
	EndGlobalSection
	GlobalSection(SolutionProperties) = preSolution
		HideSolutionNode = FALSE
	EndGlobalSection
	GlobalSection(ExtensibilityGlobals) = postSolution
		SolutionGuid = {383EFCC0-E8AE-4C3B-A053-6722C777ED93}
	EndGlobalSection
EndGlobal
