
Microsoft Visual Studio Solution File, Format Version 12.00
# Visual Studio Version 16
VisualStudioVersion = 16.0.32228.343
MinimumVisualStudioVersion = 10.0.40219.1
Project("{FAE04EC0-301F-11D3-BF4B-00C04F79EFBC}") = "Zadanie_17", "Zadanie_17.csproj", "{B3BE359C-5DD3-4B57-8386-1B5DA7DE4EB3}"
EndProject
Project("{FAE04EC0-301F-11D3-BF4B-00C04F79EFBC}") = "Zadanie_18", "..\Zadanie_18\Zadanie_18.csproj", "{63D2BF78-FE66-461F-8EE3-E9E5066EAEDF}"
EndProject
Global
	GlobalSection(SolutionConfigurationPlatforms) = preSolution
		Debug|Any CPU = Debug|Any CPU
		Release|Any CPU = Release|Any CPU
	EndGlobalSection
	GlobalSection(ProjectConfigurationPlatforms) = postSolution
		{B3BE359C-5DD3-4B57-8386-1B5DA7DE4EB3}.Debug|Any CPU.ActiveCfg = Debug|Any CPU
		{B3BE359C-5DD3-4B57-8386-1B5DA7DE4EB3}.Debug|Any CPU.Build.0 = Debug|Any CPU
		{B3BE359C-5DD3-4B57-8386-1B5DA7DE4EB3}.Release|Any CPU.ActiveCfg = Release|Any CPU
		{B3BE359C-5DD3-4B57-8386-1B5DA7DE4EB3}.Release|Any CPU.Build.0 = Release|Any CPU
		{63D2BF78-FE66-461F-8EE3-E9E5066EAEDF}.Debug|Any CPU.ActiveCfg = Debug|Any CPU
		{63D2BF78-FE66-461F-8EE3-E9E5066EAEDF}.Debug|Any CPU.Build.0 = Debug|Any CPU
		{63D2BF78-FE66-461F-8EE3-E9E5066EAEDF}.Release|Any CPU.ActiveCfg = Release|Any CPU
		{63D2BF78-FE66-461F-8EE3-E9E5066EAEDF}.Release|Any CPU.Build.0 = Release|Any CPU
	EndGlobalSection
	GlobalSection(SolutionProperties) = preSolution
		HideSolutionNode = FALSE
	EndGlobalSection
	GlobalSection(ExtensibilityGlobals) = postSolution
		SolutionGuid = {5EA6CB35-3522-4078-B759-85CB21B10304}
	EndGlobalSection
EndGlobal
