
Microsoft Visual Studio Solution File, Format Version 12.00
# Visual Studio Version 16
VisualStudioVersion = 16.0.32228.343
MinimumVisualStudioVersion = 10.0.40219.1
Project("{FAE04EC0-301F-11D3-BF4B-00C04F79EFBC}") = "Zadanie_24", "Zadanie_24.csproj", "{9E0C945A-E5CE-4E18-A002-95B38DAC0703}"
EndProject
Global
	GlobalSection(SolutionConfigurationPlatforms) = preSolution
		Debug|Any CPU = Debug|Any CPU
		Release|Any CPU = Release|Any CPU
	EndGlobalSection
	GlobalSection(ProjectConfigurationPlatforms) = postSolution
		{9E0C945A-E5CE-4E18-A002-95B38DAC0703}.Debug|Any CPU.ActiveCfg = Debug|Any CPU
		{9E0C945A-E5CE-4E18-A002-95B38DAC0703}.Debug|Any CPU.Build.0 = Debug|Any CPU
		{9E0C945A-E5CE-4E18-A002-95B38DAC0703}.Release|Any CPU.ActiveCfg = Release|Any CPU
		{9E0C945A-E5CE-4E18-A002-95B38DAC0703}.Release|Any CPU.Build.0 = Release|Any CPU
	EndGlobalSection
	GlobalSection(SolutionProperties) = preSolution
		HideSolutionNode = FALSE
	EndGlobalSection
	GlobalSection(ExtensibilityGlobals) = postSolution
		SolutionGuid = {666492B7-C4EA-4033-8EDB-CF9431D1BB14}
	EndGlobalSection
EndGlobal
